
Microsoft Visual Studio Solution File, Format Version 12.00
# Visual Studio Version 16
VisualStudioVersion = 16.0.31624.102
MinimumVisualStudioVersion = 10.0.40219.1
Project("{FAE04EC0-301F-11D3-BF4B-00C04F79EFBC}") = "PP1Estaciona2", "PP1Estaciona2\PP1Estaciona2.csproj", "{EAA7EC5E-9E3B-47AD-A80B-1919F7BF2CD1}"
EndProject
Project("{FAE04EC0-301F-11D3-BF4B-00C04F79EFBC}") = "FormEst", "FormEst\FormEst.csproj", "{5F430532-79CA-42FA-9DA3-C8B99AB4B66B}"
EndProject
Global
	GlobalSection(SolutionConfigurationPlatforms) = preSolution
		Debug|Any CPU = Debug|Any CPU
		Release|Any CPU = Release|Any CPU
	EndGlobalSection
	GlobalSection(ProjectConfigurationPlatforms) = postSolution
		{EAA7EC5E-9E3B-47AD-A80B-1919F7BF2CD1}.Debug|Any CPU.ActiveCfg = Debug|Any CPU
		{EAA7EC5E-9E3B-47AD-A80B-1919F7BF2CD1}.Debug|Any CPU.Build.0 = Debug|Any CPU
		{EAA7EC5E-9E3B-47AD-A80B-1919F7BF2CD1}.Release|Any CPU.ActiveCfg = Release|Any CPU
		{EAA7EC5E-9E3B-47AD-A80B-1919F7BF2CD1}.Release|Any CPU.Build.0 = Release|Any CPU
		{5F430532-79CA-42FA-9DA3-C8B99AB4B66B}.Debug|Any CPU.ActiveCfg = Debug|Any CPU
		{5F430532-79CA-42FA-9DA3-C8B99AB4B66B}.Debug|Any CPU.Build.0 = Debug|Any CPU
		{5F430532-79CA-42FA-9DA3-C8B99AB4B66B}.Release|Any CPU.ActiveCfg = Release|Any CPU
		{5F430532-79CA-42FA-9DA3-C8B99AB4B66B}.Release|Any CPU.Build.0 = Release|Any CPU
	EndGlobalSection
	GlobalSection(SolutionProperties) = preSolution
		HideSolutionNode = FALSE
	EndGlobalSection
	GlobalSection(ExtensibilityGlobals) = postSolution
		SolutionGuid = {CC7C896A-4624-45D5-B044-121AC0E38342}
	EndGlobalSection
EndGlobal
