
Microsoft Visual Studio Solution File, Format Version 12.00
# Visual Studio Version 16
VisualStudioVersion = 16.0.31624.102
MinimumVisualStudioVersion = 10.0.40219.1
Project("{FAE04EC0-301F-11D3-BF4B-00C04F79EFBC}") = "PPP1Libreri", "PPP1Libreri\PPP1Libreri.csproj", "{2684104F-219D-42AA-AD71-FBB090EB562F}"
EndProject
Project("{FAE04EC0-301F-11D3-BF4B-00C04F79EFBC}") = "FrmTest", "FrmTest\FrmTest.csproj", "{E4BC4F8E-E606-4DE3-852A-AD053BF0642A}"
EndProject
Global
	GlobalSection(SolutionConfigurationPlatforms) = preSolution
		Debug|Any CPU = Debug|Any CPU
		Release|Any CPU = Release|Any CPU
	EndGlobalSection
	GlobalSection(ProjectConfigurationPlatforms) = postSolution
		{2684104F-219D-42AA-AD71-FBB090EB562F}.Debug|Any CPU.ActiveCfg = Debug|Any CPU
		{2684104F-219D-42AA-AD71-FBB090EB562F}.Debug|Any CPU.Build.0 = Debug|Any CPU
		{2684104F-219D-42AA-AD71-FBB090EB562F}.Release|Any CPU.ActiveCfg = Release|Any CPU
		{2684104F-219D-42AA-AD71-FBB090EB562F}.Release|Any CPU.Build.0 = Release|Any CPU
		{E4BC4F8E-E606-4DE3-852A-AD053BF0642A}.Debug|Any CPU.ActiveCfg = Debug|Any CPU
		{E4BC4F8E-E606-4DE3-852A-AD053BF0642A}.Debug|Any CPU.Build.0 = Debug|Any CPU
		{E4BC4F8E-E606-4DE3-852A-AD053BF0642A}.Release|Any CPU.ActiveCfg = Release|Any CPU
		{E4BC4F8E-E606-4DE3-852A-AD053BF0642A}.Release|Any CPU.Build.0 = Release|Any CPU
	EndGlobalSection
	GlobalSection(SolutionProperties) = preSolution
		HideSolutionNode = FALSE
	EndGlobalSection
	GlobalSection(ExtensibilityGlobals) = postSolution
		SolutionGuid = {771F997E-5167-4176-85AC-EF30B0689BAF}
	EndGlobalSection
EndGlobal
