
Microsoft Visual Studio Solution File, Format Version 12.00
# Visual Studio Version 16
VisualStudioVersion = 16.0.31624.102
MinimumVisualStudioVersion = 10.0.40219.1
Project("{9A19103F-16F7-4668-BE54-9A1E7A4F7556}") = "Ejercicio23", "Ejercicio23\Ejercicio23.csproj", "{FDD8F4CD-CFF6-4362-B20A-134A03288E12}"
EndProject
Project("{9A19103F-16F7-4668-BE54-9A1E7A4F7556}") = "Billetes", "Billetes\Billetes.csproj", "{0CEF7E67-9896-470E-A936-79DB74378D98}"
EndProject
Global
	GlobalSection(SolutionConfigurationPlatforms) = preSolution
		Debug|Any CPU = Debug|Any CPU
		Release|Any CPU = Release|Any CPU
	EndGlobalSection
	GlobalSection(ProjectConfigurationPlatforms) = postSolution
		{FDD8F4CD-CFF6-4362-B20A-134A03288E12}.Debug|Any CPU.ActiveCfg = Debug|Any CPU
		{FDD8F4CD-CFF6-4362-B20A-134A03288E12}.Debug|Any CPU.Build.0 = Debug|Any CPU
		{FDD8F4CD-CFF6-4362-B20A-134A03288E12}.Release|Any CPU.ActiveCfg = Release|Any CPU
		{FDD8F4CD-CFF6-4362-B20A-134A03288E12}.Release|Any CPU.Build.0 = Release|Any CPU
		{0CEF7E67-9896-470E-A936-79DB74378D98}.Debug|Any CPU.ActiveCfg = Debug|Any CPU
		{0CEF7E67-9896-470E-A936-79DB74378D98}.Debug|Any CPU.Build.0 = Debug|Any CPU
		{0CEF7E67-9896-470E-A936-79DB74378D98}.Release|Any CPU.ActiveCfg = Release|Any CPU
		{0CEF7E67-9896-470E-A936-79DB74378D98}.Release|Any CPU.Build.0 = Release|Any CPU
	EndGlobalSection
	GlobalSection(SolutionProperties) = preSolution
		HideSolutionNode = FALSE
	EndGlobalSection
	GlobalSection(ExtensibilityGlobals) = postSolution
		SolutionGuid = {F7FFA332-4BEC-4E1A-BA00-BE4C5F114DB0}
	EndGlobalSection
EndGlobal
