
Microsoft Visual Studio Solution File, Format Version 12.00
# Visual Studio Version 16
VisualStudioVersion = 16.0.31624.102
MinimumVisualStudioVersion = 10.0.40219.1
Project("{FAE04EC0-301F-11D3-BF4B-00C04F79EFBC}") = "Clase1", "Clase1\Clase1.csproj", "{7816EDF2-1DC2-4A81-BEB7-EB0CE312B6A6}"
EndProject
Project("{FAE04EC0-301F-11D3-BF4B-00C04F79EFBC}") = "Biblioteca", "Biblioteca\Biblioteca.csproj", "{712DBD38-2647-43D4-9D2F-E24EE5DF580F}"
EndProject
Global
	GlobalSection(SolutionConfigurationPlatforms) = preSolution
		Debug|Any CPU = Debug|Any CPU
		Release|Any CPU = Release|Any CPU
	EndGlobalSection
	GlobalSection(ProjectConfigurationPlatforms) = postSolution
		{7816EDF2-1DC2-4A81-BEB7-EB0CE312B6A6}.Debug|Any CPU.ActiveCfg = Debug|Any CPU
		{7816EDF2-1DC2-4A81-BEB7-EB0CE312B6A6}.Debug|Any CPU.Build.0 = Debug|Any CPU
		{7816EDF2-1DC2-4A81-BEB7-EB0CE312B6A6}.Release|Any CPU.ActiveCfg = Release|Any CPU
		{7816EDF2-1DC2-4A81-BEB7-EB0CE312B6A6}.Release|Any CPU.Build.0 = Release|Any CPU
		{712DBD38-2647-43D4-9D2F-E24EE5DF580F}.Debug|Any CPU.ActiveCfg = Debug|Any CPU
		{712DBD38-2647-43D4-9D2F-E24EE5DF580F}.Debug|Any CPU.Build.0 = Debug|Any CPU
		{712DBD38-2647-43D4-9D2F-E24EE5DF580F}.Release|Any CPU.ActiveCfg = Release|Any CPU
		{712DBD38-2647-43D4-9D2F-E24EE5DF580F}.Release|Any CPU.Build.0 = Release|Any CPU
	EndGlobalSection
	GlobalSection(SolutionProperties) = preSolution
		HideSolutionNode = FALSE
	EndGlobalSection
	GlobalSection(ExtensibilityGlobals) = postSolution
		SolutionGuid = {BE4FD547-4187-483B-B13E-157580041ADE}
	EndGlobalSection
EndGlobal
