
Microsoft Visual Studio Solution File, Format Version 12.00
# Visual Studio Version 16
VisualStudioVersion = 16.0.31624.102
MinimumVisualStudioVersion = 10.0.40219.1
Project("{FAE04EC0-301F-11D3-BF4B-00C04F79EFBC}") = "Ejercicio27", "Ejercicio27\Ejercicio27.csproj", "{8E2C05DE-6FFD-4F25-96A8-18F8EC9AD49D}"
EndProject
Global
	GlobalSection(SolutionConfigurationPlatforms) = preSolution
		Debug|Any CPU = Debug|Any CPU
		Release|Any CPU = Release|Any CPU
	EndGlobalSection
	GlobalSection(ProjectConfigurationPlatforms) = postSolution
		{8E2C05DE-6FFD-4F25-96A8-18F8EC9AD49D}.Debug|Any CPU.ActiveCfg = Debug|Any CPU
		{8E2C05DE-6FFD-4F25-96A8-18F8EC9AD49D}.Debug|Any CPU.Build.0 = Debug|Any CPU
		{8E2C05DE-6FFD-4F25-96A8-18F8EC9AD49D}.Release|Any CPU.ActiveCfg = Release|Any CPU
		{8E2C05DE-6FFD-4F25-96A8-18F8EC9AD49D}.Release|Any CPU.Build.0 = Release|Any CPU
	EndGlobalSection
	GlobalSection(SolutionProperties) = preSolution
		HideSolutionNode = FALSE
	EndGlobalSection
	GlobalSection(ExtensibilityGlobals) = postSolution
		SolutionGuid = {ABCD7AFA-2A14-44EB-887D-168FF98F383A}
	EndGlobalSection
EndGlobal
